
Microsoft Visual Studio Solution File, Format Version 11.00
# Visual Studio 2010
Project("{8BC9CEB8-8B4A-11D0-8D11-00A0C91BC942}") = "mendel", "mendel.vcxproj", "{C9EA8B13-AF82-4E01-A5BF-FA665B18FA67}"
EndProject
Project("{8BC9CEB8-8B4A-11D0-8D11-00A0C91BC942}") = "extruder", "extruder\extruder.vcxproj", "{98244793-F7DC-4838-B12C-3E7603E938E1}"
EndProject
Global
	GlobalSection(SolutionConfigurationPlatforms) = preSolution
		Debug|Win32 = Debug|Win32
		Release|Win32 = Release|Win32
	EndGlobalSection
	GlobalSection(ProjectConfigurationPlatforms) = postSolution
		{C9EA8B13-AF82-4E01-A5BF-FA665B18FA67}.Debug|Win32.ActiveCfg = Debug|Win32
		{C9EA8B13-AF82-4E01-A5BF-FA665B18FA67}.Debug|Win32.Build.0 = Debug|Win32
		{C9EA8B13-AF82-4E01-A5BF-FA665B18FA67}.Release|Win32.ActiveCfg = Release|Win32
		{C9EA8B13-AF82-4E01-A5BF-FA665B18FA67}.Release|Win32.Build.0 = Release|Win32
		{98244793-F7DC-4838-B12C-3E7603E938E1}.Debug|Win32.ActiveCfg = Debug|Win32
		{98244793-F7DC-4838-B12C-3E7603E938E1}.Debug|Win32.Build.0 = Debug|Win32
		{98244793-F7DC-4838-B12C-3E7603E938E1}.Release|Win32.ActiveCfg = Release|Win32
		{98244793-F7DC-4838-B12C-3E7603E938E1}.Release|Win32.Build.0 = Release|Win32
	EndGlobalSection
	GlobalSection(SolutionProperties) = preSolution
		HideSolutionNode = FALSE
	EndGlobalSection
EndGlobal
